{
  "requires": true,
  "lockfileVersion": 1,
  "dependencies": {
    "eslint-plugin-cypress": {
      "version": "2.11.2",
      "resolved": "https://registry.npmjs.org/eslint-plugin-cypress/-/eslint-plugin-cypress-2.11.2.tgz",
      "integrity": "sha512-1SergF1sGbVhsf7MYfOLiBhdOg6wqyeV9pXUAIDIffYTGMN3dTBQS9nFAzhLsHhO+Bn0GaVM1Ecm71XUidQ7VA==",
      "dev": true,
      "requires": {
        "globals": "^11.12.0"
      }
    },
    "globals": {
      "version": "11.12.0",
      "resolved": "https://registry.npmjs.org/globals/-/globals-11.12.0.tgz",
      "integrity": "sha512-WOBp/EEGUiIsJSp7wcv/y6MO+lV9UoncWqxuFfm8eBwzWNgyfBd6Gz+IeKQ9jCmyhoH99g15M3T+QaVHFjizVA==",
      "dev": true
    }
  }
}
