{
  "name": "meshery",
  "lockfileVersion": 3,
  "requires": true,
  "packages": {
    "": {
      "devDependencies": {
        "husky": "^6.0.0"
      }
    },
    "node_modules/husky": {
      "version": "6.0.0",
      "resolved": "https://registry.npmjs.org/husky/-/husky-6.0.0.tgz",
      "integrity": "sha512-SQS2gDTB7tBN486QSoKPKQItZw97BMOd+Kdb6ghfpBc0yXyzrddI0oDV5MkDAbuB4X2mO3/nj60TRMcYxwzZeQ==",
      "dev": true,
      "bin": {
        "husky": "lib/bin.js"
      },
      "funding": {
        "url": "https://github.com/sponsors/typicode"
      }
    }
  }
}
