dependencies:
- name: meshery-istio
  repository: ""
  version: 0.5.0
- name: meshery-linkerd
  repository: ""
  version: 0.5.0
- name: meshery-consul
  repository: ""
  version: 0.5.0
- name: meshery-kuma
  repository: ""
  version: 0.5.0
- name: meshery-osm
  repository: ""
  version: 0.5.0
- name: meshery-nsm
  repository: ""
  version: 0.5.0
- name: meshery-traefik-mesh
  repository: ""
  version: 0.5.0
- name: meshery-nginx-sm
  repository: ""
  version: 0.5.0
- name: meshery-app-mesh
  repository: ""
  version: 0.5.0
- name: meshery-cilium
  repository: ""
  version: 0.5.0
- name: meshery-perf
  repository: ""
  version: 0.5.0
digest: sha256:0052d7bca77e34ae653e997458933b0e5665d163cbfb68d9b150497d537ef610
generated: "2023-08-02T21:43:47.651148+05:30"
