dependencies:
- name: meshery-istio
  repository: ""
  version: 0.7.0
- name: meshery-linkerd
  repository: ""
  version: 0.7.0
- name: meshery-consul
  repository: ""
  version: 0.7.0
- name: meshery-kuma
  repository: ""
  version: 0.7.0
- name: meshery-nsm
  repository: ""
  version: 0.7.0
- name: meshery-traefik-mesh
  repository: ""
  version: 0.7.0
- name: meshery-nginx-sm
  repository: ""
  version: 0.7.0
- name: meshery-app-mesh
  repository: ""
  version: 0.7.0
- name: meshery-cilium
  repository: ""
  version: 0.7.0
- name: meshery-operator
  repository: file://../meshery-operator
  version: 1.0.1
digest: sha256:4e4632b5bd34813eeb0d709275f7c638e93fcb387b42bdd433f0c592147c0ed9
generated: "2026-07-02T18:35:37.592187511Z"
