dependencies:
- name: meshery-istio
  repository: ""
  version: 0.7.0
- name: meshery-linkerd
  repository: ""
  version: 0.7.0
- name: meshery-consul
  repository: ""
  version: 0.7.0
- name: meshery-kuma
  repository: ""
  version: 0.7.0
- name: meshery-nsm
  repository: ""
  version: 0.7.0
- name: meshery-traefik-mesh
  repository: ""
  version: 0.7.0
- name: meshery-nginx-sm
  repository: ""
  version: 0.7.0
- name: meshery-app-mesh
  repository: ""
  version: 0.7.0
- name: meshery-cilium
  repository: ""
  version: 0.7.0
- name: meshery-nighthawk
  repository: ""
  version: 0.7.0
digest: sha256:2b66c37daa14297875735cc974409d2d1c58685eb9f6d48f81ef3b7e8939375d
generated: "2024-03-29T21:54:28.552689051-04:00"
