GEM
  remote: https://rubygems.org/
  specs:
    action_text-trix (2.1.16)
      railties
    actioncable (8.1.2)
      actionpack (= 8.1.2)
      activesupport (= 8.1.2)
      nio4r (~> 2.0)
      websocket-driver (>= 0.6.1)
      zeitwerk (~> 2.6)
    actionmailbox (8.1.2)
      actionpack (= 8.1.2)
      activejob (= 8.1.2)
      activerecord (= 8.1.2)
      activestorage (= 8.1.2)
      activesupport (= 8.1.2)
      mail (>= 2.8.0)
    actionmailer (8.1.2)
      actionpack (= 8.1.2)
      actionview (= 8.1.2)
      activejob (= 8.1.2)
      activesupport (= 8.1.2)
      mail (>= 2.8.0)
      rails-dom-testing (~> 2.2)
    actionpack (8.1.2)
      actionview (= 8.1.2)
      activesupport (= 8.1.2)
      nokogiri (>= 1.8.5)
      rack (>= 2.2.4)
      rack-session (>= 1.0.1)
      rack-test (>= 0.6.3)
      rails-dom-testing (~> 2.2)
      rails-html-sanitizer (~> 1.6)
      useragent (~> 0.16)
    actiontext (8.1.2)
      action_text-trix (~> 2.1.15)
      actionpack (= 8.1.2)
      activerecord (= 8.1.2)
      activestorage (= 8.1.2)
      activesupport (= 8.1.2)
      globalid (>= 0.6.0)
      nokogiri (>= 1.8.5)
    actionview (8.1.2)
      activesupport (= 8.1.2)
      builder (~> 3.1)
      erubi (~> 1.11)
      rails-dom-testing (~> 2.2)
      rails-html-sanitizer (~> 1.6)
    activejob (8.1.2)
      activesupport (= 8.1.2)
      globalid (>= 0.3.6)
    activemodel (8.1.2)
      activesupport (= 8.1.2)
    activerecord (8.1.2)
      activemodel (= 8.1.2)
      activesupport (= 8.1.2)
      timeout (>= 0.4.0)
    activestorage (8.1.2)
      actionpack (= 8.1.2)
      activejob (= 8.1.2)
      activerecord (= 8.1.2)
      activesupport (= 8.1.2)
      marcel (~> 1.0)
    activesupport (8.1.2)
      base64
      bigdecimal
      concurrent-ruby (~> 1.0, >= 1.3.1)
      connection_pool (>= 2.2.5)
      drb
      i18n (>= 1.6, < 2)
      json
      logger (>= 1.4.2)
      minitest (>= 5.1)
      securerandom (>= 0.3)
      tzinfo (~> 2.0, >= 2.0.5)
      uri (>= 0.13.1)
    base64 (0.3.0)
    bigdecimal (4.0.1)
    builder (3.3.0)
    commonmarker (0.23.12)
    concurrent-ruby (1.3.6)
    connection_pool (3.0.2)
    crass (1.0.6)
    date (3.5.1)
    drb (2.2.3)
    erb (6.0.2)
    erubi (1.13.1)
    escape_utils (1.3.0)
    extended-markdown-filter (0.7.0)
      html-pipeline (~> 2.9)
    fiber-storage (1.0.1)
    gemoji (3.0.1)
    globalid (1.3.0)
      activesupport (>= 6.1)
    google-protobuf (4.34.0)
      bigdecimal
      rake (~> 13.3)
    google-protobuf (4.34.0-aarch64-linux-gnu)
      bigdecimal
      rake (~> 13.3)
    google-protobuf (4.34.0-aarch64-linux-musl)
      bigdecimal
      rake (~> 13.3)
    google-protobuf (4.34.0-arm64-darwin)
      bigdecimal
      rake (~> 13.3)
    google-protobuf (4.34.0-x86_64-darwin)
      bigdecimal
      rake (~> 13.3)
    google-protobuf (4.34.0-x86_64-linux-gnu)
      bigdecimal
      rake (~> 13.3)
    google-protobuf (4.34.0-x86_64-linux-musl)
      bigdecimal
      rake (~> 13.3)
    graphql (2.4.13)
      base64
      fiber-storage
      logger
    graphql-docs (5.1.0)
      commonmarker (~> 0.23, >= 0.23.6)
      escape_utils (~> 1.2)
      extended-markdown-filter (~> 0.4)
      gemoji (~> 3.0)
      graphql (~> 2.0)
      html-pipeline (~> 2.14, >= 2.14.3)
      logger (~> 1.6)
      ostruct (~> 0.6)
      sass-embedded (~> 1.58)
    haml (7.2.0)
      temple (>= 0.8.2)
      thor
      tilt
    html-pipeline (2.14.3)
      activesupport (>= 2)
      nokogiri (>= 1.4)
    i18n (1.14.8)
      concurrent-ruby (~> 1.0)
    io-console (0.8.2)
    irb (1.17.0)
      pp (>= 0.6.0)
      prism (>= 1.3.0)
      rdoc (>= 4.0.0)
      reline (>= 0.4.2)
    json (2.19.0)
    logger (1.7.0)
    loofah (2.25.0)
      crass (~> 1.0.2)
      nokogiri (>= 1.12.0)
    mail (2.9.0)
      logger
      mini_mime (>= 0.1.1)
      net-imap
      net-pop
      net-smtp
    marcel (1.1.0)
    mini_mime (1.1.5)
    minitest (6.0.2)
      drb (~> 2.0)
      prism (~> 1.5)
    net-imap (0.6.3)
      date
      net-protocol
    net-pop (0.1.2)
      net-protocol
    net-protocol (0.2.2)
      timeout
    net-smtp (0.5.1)
      net-protocol
    nio4r (2.7.5)
    nokogiri (1.19.1-aarch64-linux-gnu)
      racc (~> 1.4)
    nokogiri (1.19.1-aarch64-linux-musl)
      racc (~> 1.4)
    nokogiri (1.19.1-arm-linux-gnu)
      racc (~> 1.4)
    nokogiri (1.19.1-arm-linux-musl)
      racc (~> 1.4)
    nokogiri (1.19.1-arm64-darwin)
      racc (~> 1.4)
    nokogiri (1.19.1-x86_64-darwin)
      racc (~> 1.4)
    nokogiri (1.19.1-x86_64-linux-gnu)
      racc (~> 1.4)
    nokogiri (1.19.1-x86_64-linux-musl)
      racc (~> 1.4)
    ostruct (0.6.3)
    pp (0.6.3)
      prettyprint
    prettyprint (0.2.0)
    prism (1.9.0)
    psych (5.3.1)
      date
      stringio
    racc (1.8.1)
    rack (3.2.5)
    rack-session (2.1.1)
      base64 (>= 0.1.0)
      rack (>= 3.0.0)
    rack-test (2.2.0)
      rack (>= 1.3)
    rackup (2.3.1)
      rack (>= 3)
    rails (8.1.2)
      actioncable (= 8.1.2)
      actionmailbox (= 8.1.2)
      actionmailer (= 8.1.2)
      actionpack (= 8.1.2)
      actiontext (= 8.1.2)
      actionview (= 8.1.2)
      activejob (= 8.1.2)
      activemodel (= 8.1.2)
      activerecord (= 8.1.2)
      activestorage (= 8.1.2)
      activesupport (= 8.1.2)
      bundler (>= 1.15.0)
      railties (= 8.1.2)
    rails-dom-testing (2.3.0)
      activesupport (>= 5.0.0)
      minitest
      nokogiri (>= 1.6)
    rails-html-sanitizer (1.7.0)
      loofah (~> 2.25)
      nokogiri (>= 1.15.7, != 1.16.7, != 1.16.6, != 1.16.5, != 1.16.4, != 1.16.3, != 1.16.2, != 1.16.1, != 1.16.0.rc1, != 1.16.0)
    railties (8.1.2)
      actionpack (= 8.1.2)
      activesupport (= 8.1.2)
      irb (~> 1.13)
      rackup (>= 1.0.0)
      rake (>= 12.2)
      thor (~> 1.0, >= 1.2.2)
      tsort (>= 0.2)
      zeitwerk (~> 2.6)
    rake (13.3.1)
    rdoc (7.2.0)
      erb
      psych (>= 4.0.0)
      tsort
    reline (0.6.3)
      io-console (~> 0.5)
    sass-embedded (1.97.3-aarch64-linux-gnu)
      google-protobuf (~> 4.31)
    sass-embedded (1.97.3-aarch64-linux-musl)
      google-protobuf (~> 4.31)
    sass-embedded (1.97.3-arm-linux-gnueabihf)
      google-protobuf (~> 4.31)
    sass-embedded (1.97.3-arm-linux-musleabihf)
      google-protobuf (~> 4.31)
    sass-embedded (1.97.3-arm64-darwin)
      google-protobuf (~> 4.31)
    sass-embedded (1.97.3-x86_64-darwin)
      google-protobuf (~> 4.31)
    sass-embedded (1.97.3-x86_64-linux-gnu)
      google-protobuf (~> 4.31)
    sass-embedded (1.97.3-x86_64-linux-musl)
      google-protobuf (~> 4.31)
    securerandom (0.4.1)
    stringio (3.2.0)
    temple (0.10.4)
    thor (1.5.0)
    tilt (2.7.0)
    timeout (0.6.0)
    tsort (0.2.0)
    tzinfo (2.0.6)
      concurrent-ruby (~> 1.0)
    uri (1.1.1)
    useragent (0.16.11)
    websocket-driver (0.8.0)
      base64
      websocket-extensions (>= 0.1.0)
    websocket-extensions (0.1.5)
    zeitwerk (2.7.5)

PLATFORMS
  aarch64-linux
  aarch64-linux-gnu
  aarch64-linux-musl
  arm-linux
  arm-linux-gnu
  arm-linux-gnueabihf
  arm-linux-musl
  arm-linux-musleabihf
  arm64-darwin
  x86_64-darwin
  x86_64-linux-gnu
  x86_64-linux-musl

DEPENDENCIES
  activesupport
  graphql (= 2.4.13)
  graphql-docs (= 5.1.0)
  haml
  rails (>= 8.0.3)
  rake

CHECKSUMS
  action_text-trix (2.1.16) sha256=f645a2c21821b8449fd1d6770708f4031c91a2eedf9ef476e9be93c64e703a8a
  actioncable (8.1.2) sha256=dc31efc34cca9cdefc5c691ddb8b4b214c0ea5cd1372108cbc1377767fb91969
  actionmailbox (8.1.2) sha256=058b2fb1980e5d5a894f675475fcfa45c62631103d5a2596d9610ec81581889b
  actionmailer (8.1.2) sha256=f4c1d2060f653bfe908aa7fdc5a61c0e5279670de992146582f2e36f8b9175e9
  actionpack (8.1.2) sha256=ced74147a1f0daafaa4bab7f677513fd4d3add574c7839958f7b4f1de44f8423
  actiontext (8.1.2) sha256=0bf57da22a9c19d970779c3ce24a56be31b51c7640f2763ec64aa72e358d2d2d
  actionview (8.1.2) sha256=80455b2588911c9b72cec22d240edacb7c150e800ef2234821269b2b2c3e2e5b
  activejob (8.1.2) sha256=908dab3713b101859536375819f4156b07bdf4c232cc645e7538adb9e302f825
  activemodel (8.1.2) sha256=e21358c11ce68aed3f9838b7e464977bc007b4446c6e4059781e1d5c03bcf33e
  activerecord (8.1.2) sha256=acfbe0cadfcc50fa208011fe6f4eb01cae682ebae0ef57145ba45380c74bcc44
  activestorage (8.1.2) sha256=8a63a48c3999caeee26a59441f813f94681fc35cc41aba7ce1f836add04fba76
  activesupport (8.1.2) sha256=88842578ccd0d40f658289b0e8c842acfe9af751afee2e0744a7873f50b6fdae
  base64 (0.3.0) sha256=27337aeabad6ffae05c265c450490628ef3ebd4b67be58257393227588f5a97b
  bigdecimal (4.0.1) sha256=8b07d3d065a9f921c80ceaea7c9d4ae596697295b584c296fe599dd0ad01c4a7
  builder (3.3.0) sha256=497918d2f9dca528fdca4b88d84e4ef4387256d984b8154e9d5d3fe5a9c8835f
  commonmarker (0.23.12) sha256=da2d2f89c7c7b51c42c6e69ace3ab5df39497683f86e83aca7087c671d523ccd
  concurrent-ruby (1.3.6) sha256=6b56837e1e7e5292f9864f34b69c5a2cbc75c0cf5338f1ce9903d10fa762d5ab
  connection_pool (3.0.2) sha256=33fff5ba71a12d2aa26cb72b1db8bba2a1a01823559fb01d29eb74c286e62e0a
  crass (1.0.6) sha256=dc516022a56e7b3b156099abc81b6d2b08ea1ed12676ac7a5657617f012bd45d
  date (3.5.1) sha256=750d06384d7b9c15d562c76291407d89e368dda4d4fff957eb94962d325a0dc0
  drb (2.2.3) sha256=0b00d6fdb50995fe4a45dea13663493c841112e4068656854646f418fda13373
  erb (6.0.2) sha256=9fe6264d44f79422c87490a1558479bd0e7dad4dd0e317656e67ea3077b5242b
  erubi (1.13.1) sha256=a082103b0885dbc5ecf1172fede897f9ebdb745a4b97a5e8dc63953db1ee4ad9
  escape_utils (1.3.0) sha256=dffb7010922880ace6ceed642156c64e2a64620f27e0849f43bc4f68fd3c2c09
  extended-markdown-filter (0.7.0) sha256=c8eeef7409fbae18c6b407cd3e4eeb5d25c35cb08fe1ac06f375df3db2d4f138
  fiber-storage (1.0.1) sha256=f48e5b6d8b0be96dac486332b55cee82240057065dc761c1ea692b2e719240e1
  gemoji (3.0.1) sha256=80553f2f4932a7a95fb1b3c7c63f7dd937e7c8c610164bbdea28fd06eba5f36d
  globalid (1.3.0) sha256=05c639ad6eb4594522a0b07983022f04aa7254626ab69445a0e493aa3786ff11
  google-protobuf (4.34.0) sha256=bffaea30fbe2807c80667a78953b15645b3bef62b25c10ca187e4418119be531
  google-protobuf (4.34.0-aarch64-linux-gnu) sha256=0ab8a8a97976a2265d647e69b3ff1980c89184abdaf06d36091856c5ab37cc55
  google-protobuf (4.34.0-aarch64-linux-musl) sha256=0632a86df6d320eac3b335bd779499d43ad8ee6d1f8c8494b773ed5d3d5c6ab4
  google-protobuf (4.34.0-arm64-darwin) sha256=f83967a8095a9da676b79ba372c58fef2ca3878428bd40febfce65b3752c90d1
  google-protobuf (4.34.0-x86_64-darwin) sha256=4a5b67281993345adca54bb32947f25a289597eafaa240e5b714d0a740f99321
  google-protobuf (4.34.0-x86_64-linux-gnu) sha256=bbb333fbe79c16f35a2e2154cf29f3ce26f60390dba286b339861206d5435ef9
  google-protobuf (4.34.0-x86_64-linux-musl) sha256=0b75858a388b17e73aa4176df2e722762dbc92551b7075fdc562d33c1c6de0b0
  graphql (2.4.13) sha256=fb1db6e9e24c93c995f8083d66ec65ea70991aa2b68da1b15a360b418af5aa9d
  graphql-docs (5.1.0) sha256=d658e770981013668a31a9b09500162ad1d8082822d37e6900e05fdcc7dc3dae
  haml (7.2.0) sha256=87fd2b71f7feab1724337b090a7d767f5ab2d42f08c974f3ead673f18cfcd55a
  html-pipeline (2.14.3) sha256=8a1d4d7128b2141913387cac0f8ba898bb6812557001acc0c2b46910f59413a0
  i18n (1.14.8) sha256=285778639134865c5e0f6269e0b818256017e8cde89993fdfcbfb64d088824a5
  io-console (0.8.2) sha256=d6e3ae7a7cc7574f4b8893b4fca2162e57a825b223a177b7afa236c5ef9814cc
  irb (1.17.0) sha256=168c4ddb93d8a361a045c41d92b2952c7a118fa73f23fe14e55609eb7a863aae
  json (2.19.0) sha256=bc5202f083618b3af7aba3184146ec9d820f8f6de261838b577173475e499d9a
  logger (1.7.0) sha256=196edec7cc44b66cfb40f9755ce11b392f21f7967696af15d274dde7edff0203
  loofah (2.25.0) sha256=df5ed7ac3bac6a4ec802df3877ee5cc86d027299f8952e6243b3dac446b060e6
  mail (2.9.0) sha256=6fa6673ecd71c60c2d996260f9ee3dd387d4673b8169b502134659ece6d34941
  marcel (1.1.0) sha256=fdcfcfa33cc52e93c4308d40e4090a5d4ea279e160a7f6af988260fa970e0bee
  mini_mime (1.1.5) sha256=8681b7e2e4215f2a159f9400b5816d85e9d8c6c6b491e96a12797e798f8bccef
  minitest (6.0.2) sha256=db6e57956f6ecc6134683b4c87467d6dd792323c7f0eea7b93f66bd284adbc3d
  net-imap (0.6.3) sha256=9bab75f876596d09ee7bf911a291da478e0cd6badc54dfb82874855ccc82f2ad
  net-pop (0.1.2) sha256=848b4e982013c15b2f0382792268763b748cce91c9e91e36b0f27ed26420dff3
  net-protocol (0.2.2) sha256=aa73e0cba6a125369de9837b8d8ef82a61849360eba0521900e2c3713aa162a8
  net-smtp (0.5.1) sha256=ed96a0af63c524fceb4b29b0d352195c30d82dd916a42f03c62a3a70e5b70736
  nio4r (2.7.5) sha256=6c90168e48fb5f8e768419c93abb94ba2b892a1d0602cb06eef16d8b7df1dca1
  nokogiri (1.19.1-aarch64-linux-gnu) sha256=cfdb0eafd9a554a88f12ebcc688d2b9005f9fce42b00b970e3dc199587b27f32
  nokogiri (1.19.1-aarch64-linux-musl) sha256=1e2150ab43c3b373aba76cd1190af7b9e92103564063e48c474f7600923620b5
  nokogiri (1.19.1-arm-linux-gnu) sha256=0a39ed59abe3bf279fab9dd4c6db6fe8af01af0608f6e1f08b8ffa4e5d407fa3
  nokogiri (1.19.1-arm-linux-musl) sha256=3a18e559ee499b064aac6562d98daab3d39ba6cbb4074a1542781b2f556db47d
  nokogiri (1.19.1-arm64-darwin) sha256=dfe2d337e6700eac47290407c289d56bcf85805d128c1b5a6434ddb79731cb9e
  nokogiri (1.19.1-x86_64-darwin) sha256=7093896778cc03efb74b85f915a775862730e887f2e58d6921e3fa3d981e68bf
  nokogiri (1.19.1-x86_64-linux-gnu) sha256=1a4902842a186b4f901078e692d12257678e6133858d0566152fe29cdb98456a
  nokogiri (1.19.1-x86_64-linux-musl) sha256=4267f38ad4fc7e52a2e7ee28ed494e8f9d8eb4f4b3320901d55981c7b995fc23
  ostruct (0.6.3) sha256=95a2ed4a4bd1d190784e666b47b2d3f078e4a9efda2fccf18f84ddc6538ed912
  pp (0.6.3) sha256=2951d514450b93ccfeb1df7d021cae0da16e0a7f95ee1e2273719669d0ab9df6
  prettyprint (0.2.0) sha256=2bc9e15581a94742064a3cc8b0fb9d45aae3d03a1baa6ef80922627a0766f193
  prism (1.9.0) sha256=7b530c6a9f92c24300014919c9dcbc055bf4cdf51ec30aed099b06cd6674ef85
  psych (5.3.1) sha256=eb7a57cef10c9d70173ff74e739d843ac3b2c019a003de48447b2963d81b1974
  racc (1.8.1) sha256=4a7f6929691dbec8b5209a0b373bc2614882b55fc5d2e447a21aaa691303d62f
  rack (3.2.5) sha256=4cbd0974c0b79f7a139b4812004a62e4c60b145cba76422e288ee670601ed6d3
  rack-session (2.1.1) sha256=0b6dc07dea7e4b583f58a48e8b806d4c9f1c6c9214ebc202ec94562cbea2e4e9
  rack-test (2.2.0) sha256=005a36692c306ac0b4a9350355ee080fd09ddef1148a5f8b2ac636c720f5c463
  rackup (2.3.1) sha256=6c79c26753778e90983761d677a48937ee3192b3ffef6bc963c0950f94688868
  rails (8.1.2) sha256=5069061b23dfa8706b9f0159ae8b9d35727359103178a26962b868a680ba7d95
  rails-dom-testing (2.3.0) sha256=8acc7953a7b911ca44588bf08737bc16719f431a1cc3091a292bca7317925c1d
  rails-html-sanitizer (1.7.0) sha256=28b145cceaf9cc214a9874feaa183c3acba036c9592b19886e0e45efc62b1e89
  railties (8.1.2) sha256=1289ece76b4f7668fc46d07e55cc992b5b8751f2ad85548b7da351b8c59f8055
  rake (13.3.1) sha256=8c9e89d09f66a26a01264e7e3480ec0607f0c497a861ef16063604b1b08eb19c
  rdoc (7.2.0) sha256=8650f76cd4009c3b54955eb5d7e3a075c60a57276766ebf36f9085e8c9f23192
  reline (0.6.3) sha256=1198b04973565b36ec0f11542ab3f5cfeeec34823f4e54cebde90968092b1835
  sass-embedded (1.97.3-aarch64-linux-gnu) sha256=81915bb19ce7e224eae534e75e828f4ab5acddcb17e54da0b5ef91d932462836
  sass-embedded (1.97.3-aarch64-linux-musl) sha256=508c92fa2f9e58f9072325e02f011bd22c7e428465c67fafaee570d0bc40563b
  sass-embedded (1.97.3-arm-linux-gnueabihf) sha256=ce443b57f3d7f03740267cf0f2cdff13e8055dd5938488967746f29f230222da
  sass-embedded (1.97.3-arm-linux-musleabihf) sha256=be3972424616f916ce1f4f41228266d57339e490dfd7ca0cea5588579564d4c0
  sass-embedded (1.97.3-arm64-darwin) sha256=8897d3503efe75c30584070a7104095545f5157665029aeb9bff3fa533a73861
  sass-embedded (1.97.3-x86_64-darwin) sha256=578f167907ee2a4d355a5a40bcf35d2e3eb90c87008dcd9ce31a2c4a877697f6
  sass-embedded (1.97.3-x86_64-linux-gnu) sha256=173a4d0dbe2fffdf7482bd3e82fb597dfc658c18d1e8fd746aa7d5077ed4e850
  sass-embedded (1.97.3-x86_64-linux-musl) sha256=fcc0dcb253ef174ea25283f8781ce9ce95a492663f4bdbb1d66bfae99267a9f7
  securerandom (0.4.1) sha256=cc5193d414a4341b6e225f0cb4446aceca8e50d5e1888743fac16987638ea0b1
  stringio (3.2.0) sha256=c37cb2e58b4ffbd33fe5cd948c05934af997b36e0b6ca6fdf43afa234cf222e1
  temple (0.10.4) sha256=b7a1e94b6f09038ab0b6e4fe0126996055da2c38bec53a8a336f075748fff72c
  thor (1.5.0) sha256=e3a9e55fe857e44859ce104a84675ab6e8cd59c650a49106a05f55f136425e73
  tilt (2.7.0) sha256=0d5b9ba69f6a36490c64b0eee9f6e9aad517e20dcc848800a06eb116f08c6ab3
  timeout (0.6.0) sha256=6d722ad619f96ee383a0c557ec6eb8c4ecb08af3af62098a0be5057bf00de1af
  tsort (0.2.0) sha256=9650a793f6859a43b6641671278f79cfead60ac714148aabe4e3f0060480089f
  tzinfo (2.0.6) sha256=8daf828cc77bcf7d63b0e3bdb6caa47e2272dcfaf4fbfe46f8c3a9df087a829b
  uri (1.1.1) sha256=379fa58d27ffb1387eaada68c749d1426738bd0f654d812fcc07e7568f5c57c6
  useragent (0.16.11) sha256=700e6413ad4bb954bb63547fa098dddf7b0ebe75b40cc6f93b8d54255b173844
  websocket-driver (0.8.0) sha256=ed0dba4b943c22f17f9a734817e808bc84cdce6a7e22045f5315aa57676d4962
  websocket-extensions (0.1.5) sha256=1c6ba63092cda343eb53fc657110c71c754c56484aad42578495227d717a8241
  zeitwerk (2.7.5) sha256=d8da92128c09ea6ec62c949011b00ed4a20242b255293dd66bf41545398f73dd

BUNDLED WITH
  4.0.4
